// !$*UTF8*$!
{
	archiveVersion = 1;
	classes = {
	};
	objectVersion = 77;
	objects = {

/* Begin PBXBuildFile section */
		D4A7BA8A2F3B376300A6D7E9 /* UserRecipeData.swift in Sources */ = {isa = PBXBuildFile; fileRef = D4A7BA892F3B375100A6D7E9 /* UserRecipeData.swift */; };
		D4A7BA8C2F3B38AA00A6D7E9 /* FavoritesView.swift in Sources */ = {isa = PBXBuildFile; fileRef = D4A7BA8B2F3B389C00A6D7E9 /* FavoritesView.swift */; };
		D4A7BAD62F3BCD9A00A6D7E9 /* AppBackground.swift in Sources */ = {isa = PBXBuildFile; fileRef = D4A7BAD52F3BCD8A00A6D7E9 /* AppBackground.swift */; };
		D4A7BAD82F3BCDAE00A6D7E9 /* GlassCard.swift in Sources */ = {isa = PBXBuildFile; fileRef = D4A7BAD72F3BCD9D00A6D7E9 /* GlassCard.swift */; };
		D4A7BADD2F3D0E1500A6D7E9 /* EditRecipeView.swift in Sources */ = {isa = PBXBuildFile; fileRef = D4A7BADC2F3D0E0600A6D7E9 /* EditRecipeView.swift */; };
		D4A7BAE82F3E4E9D00A6D7E9 /* CategoryCard.swift in Sources */ = {isa = PBXBuildFile; fileRef = D4A7BAE72F3E4E8200A6D7E9 /* CategoryCard.swift */; };
		D4A7BAEA2F3E4ED200A6D7E9 /* SearchPillButton.swift in Sources */ = {isa = PBXBuildFile; fileRef = D4A7BAE92F3E4EAE00A6D7E9 /* SearchPillButton.swift */; };
		D4A7BAEC2F3E4F1000A6D7E9 /* SurpriseCardButton.swift in Sources */ = {isa = PBXBuildFile; fileRef = D4A7BAEB2F3E4EFB00A6D7E9 /* SurpriseCardButton.swift */; };
		D4A7BAEE2F3E5ADE00A6D7E9 /* AddCuisineSheet.swift in Sources */ = {isa = PBXBuildFile; fileRef = D4A7BAED2F3E5AC100A6D7E9 /* AddCuisineSheet.swift */; };
		D4A7BAF22F40D4D100A6D7E9 /* Assets.xcassets in Resources */ = {isa = PBXBuildFile; fileRef = D4A7BAF12F40D4D100A6D7E9 /* Assets.xcassets */; };
		D4F1BB822F3A5FD000A4E49C /* libsqlite3.0.tbd in Frameworks */ = {isa = PBXBuildFile; fileRef = D4F1BB812F3A5FD000A4E49C /* libsqlite3.0.tbd */; };
/* End PBXBuildFile section */

/* Begin PBXContainerItemProxy section */
		D4F1BB562F3A5BA200A4E49C /* PBXContainerItemProxy */ = {
			isa = PBXContainerItemProxy;
			containerPortal = D4F1BB402F3A5BA200A4E49C /* Project object */;
			proxyType = 1;
			remoteGlobalIDString = D4F1BB472F3A5BA200A4E49C;
			remoteInfo = "Greetings from Remy";
		};
		D4F1BB602F3A5BA200A4E49C /* PBXContainerItemProxy */ = {
			isa = PBXContainerItemProxy;
			containerPortal = D4F1BB402F3A5BA200A4E49C /* Project object */;
			proxyType = 1;
			remoteGlobalIDString = D4F1BB472F3A5BA200A4E49C;
			remoteInfo = "Greetings from Remy";
		};
/* End PBXContainerItemProxy section */

/* Begin PBXFileReference section */
		D4A7BA892F3B375100A6D7E9 /* UserRecipeData.swift */ = {isa = PBXFileReference; lastKnownFileType = sourcecode.swift; path = UserRecipeData.swift; sourceTree = "<group>"; };
		D4A7BA8B2F3B389C00A6D7E9 /* FavoritesView.swift */ = {isa = PBXFileReference; lastKnownFileType = sourcecode.swift; path = FavoritesView.swift; sourceTree = "<group>"; };
		D4A7BAD52F3BCD8A00A6D7E9 /* AppBackground.swift */ = {isa = PBXFileReference; lastKnownFileType = sourcecode.swift; path = AppBackground.swift; sourceTree = "<group>"; };
		D4A7BAD72F3BCD9D00A6D7E9 /* GlassCard.swift */ = {isa = PBXFileReference; lastKnownFileType = sourcecode.swift; path = GlassCard.swift; sourceTree = "<group>"; };
		D4A7BADC2F3D0E0600A6D7E9 /* EditRecipeView.swift */ = {isa = PBXFileReference; lastKnownFileType = sourcecode.swift; path = EditRecipeView.swift; sourceTree = "<group>"; };
		D4A7BAE72F3E4E8200A6D7E9 /* CategoryCard.swift */ = {isa = PBXFileReference; lastKnownFileType = sourcecode.swift; path = CategoryCard.swift; sourceTree = "<group>"; };
		D4A7BAE92F3E4EAE00A6D7E9 /* SearchPillButton.swift */ = {isa = PBXFileReference; lastKnownFileType = sourcecode.swift; path = SearchPillButton.swift; sourceTree = "<group>"; };
		D4A7BAEB2F3E4EFB00A6D7E9 /* SurpriseCardButton.swift */ = {isa = PBXFileReference; lastKnownFileType = sourcecode.swift; path = SurpriseCardButton.swift; sourceTree = "<group>"; };
		D4A7BAED2F3E5AC100A6D7E9 /* AddCuisineSheet.swift */ = {isa = PBXFileReference; lastKnownFileType = sourcecode.swift; path = AddCuisineSheet.swift; sourceTree = "<group>"; };
		D4A7BAF12F40D4D100A6D7E9 /* Assets.xcassets */ = {isa = PBXFileReference; lastKnownFileType = folder.assetcatalog; path = Assets.xcassets; sourceTree = "<group>"; };
		D4F1BB482F3A5BA200A4E49C /* Greetings from Remy.app */ = {isa = PBXFileReference; explicitFileType = wrapper.application; includeInIndex = 0; path = "Greetings from Remy.app"; sourceTree = BUILT_PRODUCTS_DIR; };
		D4F1BB552F3A5BA200A4E49C /* Greetings from RemyTests.xctest */ = {isa = PBXFileReference; explicitFileType = wrapper.cfbundle; includeInIndex = 0; path = "Greetings from RemyTests.xctest"; sourceTree = BUILT_PRODUCTS_DIR; };
		D4F1BB5F2F3A5BA200A4E49C /* Greetings from RemyUITests.xctest */ = {isa = PBXFileReference; explicitFileType = wrapper.cfbundle; includeInIndex = 0; path = "Greetings from RemyUITests.xctest"; sourceTree = BUILT_PRODUCTS_DIR; };
		D4F1BB812F3A5FD000A4E49C /* libsqlite3.0.tbd */ = {isa = PBXFileReference; lastKnownFileType = "sourcecode.text-based-dylib-definition"; name = libsqlite3.0.tbd; path = usr/lib/libsqlite3.0.tbd; sourceTree = SDKROOT; };
/* End PBXFileReference section */

/* Begin PBXFileSystemSynchronizedRootGroup section */
		D4F1BB4A2F3A5BA200A4E49C /* Greetings from Remy */ = {
			isa = PBXFileSystemSynchronizedRootGroup;
			path = "Greetings from Remy";
			sourceTree = "<group>";
		};
		D4F1BB582F3A5BA200A4E49C /* Greetings from RemyTests */ = {
			isa = PBXFileSystemSynchronizedRootGroup;
			path = "Greetings from RemyTests";
			sourceTree = "<group>";
		};
		D4F1BB622F3A5BA200A4E49C /* Greetings from RemyUITests */ = {
			isa = PBXFileSystemSynchronizedRootGroup;
			path = "Greetings from RemyUITests";
			sourceTree = "<group>";
		};
/* End PBXFileSystemSynchronizedRootGroup section */

/* Begin PBXFrameworksBuildPhase section */
		D4F1BB452F3A5BA200A4E49C /* Frameworks */ = {
			isa = PBXFrameworksBuildPhase;
			buildActionMask = 2147483647;
			files = (
				D4F1BB822F3A5FD000A4E49C /* libsqlite3.0.tbd in Frameworks */,
			);
			runOnlyForDeploymentPostprocessing = 0;
		};
		D4F1BB522F3A5BA200A4E49C /* Frameworks */ = {
			isa = PBXFrameworksBuildPhase;
			buildActionMask = 2147483647;
			files = (
			);
			runOnlyForDeploymentPostprocessing = 0;
		};
		D4F1BB5C2F3A5BA200A4E49C /* Frameworks */ = {
			isa = PBXFrameworksBuildPhase;
			buildActionMask = 2147483647;
			files = (
			);
			runOnlyForDeploymentPostprocessing = 0;
		};
/* End PBXFrameworksBuildPhase section */

/* Begin PBXGroup section */
		D4F1BB3F2F3A5BA200A4E49C = {
			isa = PBXGroup;
			children = (
				D4A7BAED2F3E5AC100A6D7E9 /* AddCuisineSheet.swift */,
				D4A7BAEB2F3E4EFB00A6D7E9 /* SurpriseCardButton.swift */,
				D4A7BAE92F3E4EAE00A6D7E9 /* SearchPillButton.swift */,
				D4A7BAE72F3E4E8200A6D7E9 /* CategoryCard.swift */,
				D4A7BADC2F3D0E0600A6D7E9 /* EditRecipeView.swift */,
				D4A7BAD72F3BCD9D00A6D7E9 /* GlassCard.swift */,
				D4A7BAD52F3BCD8A00A6D7E9 /* AppBackground.swift */,
				D4A7BA8B2F3B389C00A6D7E9 /* FavoritesView.swift */,
				D4A7BAF12F40D4D100A6D7E9 /* Assets.xcassets */,
				D4A7BA892F3B375100A6D7E9 /* UserRecipeData.swift */,
				D4F1BB4A2F3A5BA200A4E49C /* Greetings from Remy */,
				D4F1BB582F3A5BA200A4E49C /* Greetings from RemyTests */,
				D4F1BB622F3A5BA200A4E49C /* Greetings from RemyUITests */,
				D4F1BB802F3A5FD000A4E49C /* Frameworks */,
				D4F1BB492F3A5BA200A4E49C /* Products */,
			);
			sourceTree = "<group>";
		};
		D4F1BB492F3A5BA200A4E49C /* Products */ = {
			isa = PBXGroup;
			children = (
				D4F1BB482F3A5BA200A4E49C /* Greetings from Remy.app */,
				D4F1BB552F3A5BA200A4E49C /* Greetings from RemyTests.xctest */,
				D4F1BB5F2F3A5BA200A4E49C /* Greetings from RemyUITests.xctest */,
			);
			name = Products;
			sourceTree = "<group>";
		};
		D4F1BB802F3A5FD000A4E49C /* Frameworks */ = {
			isa = PBXGroup;
			children = (
				D4F1BB812F3A5FD000A4E49C /* libsqlite3.0.tbd */,
			);
			name = Frameworks;
			sourceTree = "<group>";
		};
/* End PBXGroup section */

/* Begin PBXNativeTarget section */
		D4F1BB472F3A5BA200A4E49C /* Greetings from Remy */ = {
			isa = PBXNativeTarget;
			buildConfigurationList = D4F1BB692F3A5BA200A4E49C /* Build configuration list for PBXNativeTarget "Greetings from Remy" */;
			buildPhases = (
				D4F1BB442F3A5BA200A4E49C /* Sources */,
				D4F1BB452F3A5BA200A4E49C /* Frameworks */,
				D4F1BB462F3A5BA200A4E49C /* Resources */,
			);
			buildRules = (
			);
			dependencies = (
			);
			fileSystemSynchronizedGroups = (
				D4F1BB4A2F3A5BA200A4E49C /* Greetings from Remy */,
			);
			name = "Greetings from Remy";
			packageProductDependencies = (
			);
			productName = "Greetings from Remy";
			productReference = D4F1BB482F3A5BA200A4E49C /* Greetings from Remy.app */;
			productType = "com.apple.product-type.application";
		};
		D4F1BB542F3A5BA200A4E49C /* Greetings from RemyTests */ = {
			isa = PBXNativeTarget;
			buildConfigurationList = D4F1BB6C2F3A5BA200A4E49C /* Build configuration list for PBXNativeTarget "Greetings from RemyTests" */;
			buildPhases = (
				D4F1BB512F3A5BA200A4E49C /* Sources */,
				D4F1BB522F3A5BA200A4E49C /* Frameworks */,
				D4F1BB532F3A5BA200A4E49C /* Resources */,
			);
			buildRules = (
			);
			dependencies = (
				D4F1BB572F3A5BA200A4E49C /* PBXTargetDependency */,
			);
			fileSystemSynchronizedGroups = (
				D4F1BB582F3A5BA200A4E49C /* Greetings from RemyTests */,
			);
			name = "Greetings from RemyTests";
			packageProductDependencies = (
			);
			productName = "Greetings from RemyTests";
			productReference = D4F1BB552F3A5BA200A4E49C /* Greetings from RemyTests.xctest */;
			productType = "com.apple.product-type.bundle.unit-test";
		};
		D4F1BB5E2F3A5BA200A4E49C /* Greetings from RemyUITests */ = {
			isa = PBXNativeTarget;
			buildConfigurationList = D4F1BB6F2F3A5BA200A4E49C /* Build configuration list for PBXNativeTarget "Greetings from RemyUITests" */;
			buildPhases = (
				D4F1BB5B2F3A5BA200A4E49C /* Sources */,
				D4F1BB5C2F3A5BA200A4E49C /* Frameworks */,
				D4F1BB5D2F3A5BA200A4E49C /* Resources */,
			);
			buildRules = (
			);
			dependencies = (
				D4F1BB612F3A5BA200A4E49C /* PBXTargetDependency */,
			);
			fileSystemSynchronizedGroups = (
				D4F1BB622F3A5BA200A4E49C /* Greetings from RemyUITests */,
			);
			name = "Greetings from RemyUITests";
			packageProductDependencies = (
			);
			productName = "Greetings from RemyUITests";
			productReference = D4F1BB5F2F3A5BA200A4E49C /* Greetings from RemyUITests.xctest */;
			productType = "com.apple.product-type.bundle.ui-testing";
		};
/* End PBXNativeTarget section */

/* Begin PBXProject section */
		D4F1BB402F3A5BA200A4E49C /* Project object */ = {
			isa = PBXProject;
			attributes = {
				BuildIndependentTargetsInParallel = 1;
				LastSwiftUpdateCheck = 2620;
				LastUpgradeCheck = 2620;
				TargetAttributes = {
					D4F1BB472F3A5BA200A4E49C = {
						CreatedOnToolsVersion = 26.2;
					};
					D4F1BB542F3A5BA200A4E49C = {
						CreatedOnToolsVersion = 26.2;
						TestTargetID = D4F1BB472F3A5BA200A4E49C;
					};
					D4F1BB5E2F3A5BA200A4E49C = {
						CreatedOnToolsVersion = 26.2;
						TestTargetID = D4F1BB472F3A5BA200A4E49C;
					};
				};
			};
			buildConfigurationList = D4F1BB432F3A5BA200A4E49C /* Build configuration list for PBXProject "Greetings from Remy" */;
			developmentRegion = en;
			hasScannedForEncodings = 0;
			knownRegions = (
				en,
				Base,
			);
			mainGroup = D4F1BB3F2F3A5BA200A4E49C;
			minimizedProjectReferenceProxies = 1;
			packageReferences = (
				D4A7BAD92F3BD0D700A6D7E9 /* XCRemoteSwiftPackageReference "swift-algorithms" */,
			);
			preferredProjectObjectVersion = 77;
			productRefGroup = D4F1BB492F3A5BA200A4E49C /* Products */;
			projectDirPath = "";
			projectRoot = "";
			targets = (
				D4F1BB472F3A5BA200A4E49C /* Greetings from Remy */,
				D4F1BB542F3A5BA200A4E49C /* Greetings from RemyTests */,
				D4F1BB5E2F3A5BA200A4E49C /* Greetings from RemyUITests */,
			);
		};
/* End PBXProject section */

/* Begin PBXResourcesBuildPhase section */
		D4F1BB462F3A5BA200A4E49C /* Resources */ = {
			isa = PBXResourcesBuildPhase;
			buildActionMask = 2147483647;
			files = (
				D4A7BAF22F40D4D100A6D7E9 /* Assets.xcassets in Resources */,
			);
			runOnlyForDeploymentPostprocessing = 0;
		};
		D4F1BB532F3A5BA200A4E49C /* Resources */ = {
			isa = PBXResourcesBuildPhase;
			buildActionMask = 2147483647;
			files = (
			);
			runOnlyForDeploymentPostprocessing = 0;
		};
		D4F1BB5D2F3A5BA200A4E49C /* Resources */ = {
			isa = PBXResourcesBuildPhase;
			buildActionMask = 2147483647;
			files = (
			);
			runOnlyForDeploymentPostprocessing = 0;
		};
/* End PBXResourcesBuildPhase section */

/* Begin PBXSourcesBuildPhase section */
		D4F1BB442F3A5BA200A4E49C /* Sources */ = {
			isa = PBXSourcesBuildPhase;
			buildActionMask = 2147483647;
			files = (
				D4A7BADD2F3D0E1500A6D7E9 /* EditRecipeView.swift in Sources */,
				D4A7BAEE2F3E5ADE00A6D7E9 /* AddCuisineSheet.swift in Sources */,
				D4A7BAE82F3E4E9D00A6D7E9 /* CategoryCard.swift in Sources */,
				D4A7BA8C2F3B38AA00A6D7E9 /* FavoritesView.swift in Sources */,
				D4A7BA8A2F3B376300A6D7E9 /* UserRecipeData.swift in Sources */,
				D4A7BAEA2F3E4ED200A6D7E9 /* SearchPillButton.swift in Sources */,
				D4A7BAEC2F3E4F1000A6D7E9 /* SurpriseCardButton.swift in Sources */,
				D4A7BAD62F3BCD9A00A6D7E9 /* AppBackground.swift in Sources */,
				D4A7BAD82F3BCDAE00A6D7E9 /* GlassCard.swift in Sources */,
			);
			runOnlyForDeploymentPostprocessing = 0;
		};
		D4F1BB512F3A5BA200A4E49C /* Sources */ = {
			isa = PBXSourcesBuildPhase;
			buildActionMask = 2147483647;
			files = (
			);
			runOnlyForDeploymentPostprocessing = 0;
		};
		D4F1BB5B2F3A5BA200A4E49C /* Sources */ = {
			isa = PBXSourcesBuildPhase;
			buildActionMask = 2147483647;
			files = (
			);
			runOnlyForDeploymentPostprocessing = 0;
		};
/* End PBXSourcesBuildPhase section */

/* Begin PBXTargetDependency section */
		D4F1BB572F3A5BA200A4E49C /* PBXTargetDependency */ = {
			isa = PBXTargetDependency;
			target = D4F1BB472F3A5BA200A4E49C /* Greetings from Remy */;
			targetProxy = D4F1BB562F3A5BA200A4E49C /* PBXContainerItemProxy */;
		};
		D4F1BB612F3A5BA200A4E49C /* PBXTargetDependency */ = {
			isa = PBXTargetDependency;
			target = D4F1BB472F3A5BA200A4E49C /* Greetings from Remy */;
			targetProxy = D4F1BB602F3A5BA200A4E49C /* PBXContainerItemProxy */;
		};
/* End PBXTargetDependency section */

/* Begin XCBuildConfiguration section */
		D4F1BB672F3A5BA200A4E49C /* Debug */ = {
			isa = XCBuildConfiguration;
			buildSettings = {
				ALWAYS_SEARCH_USER_PATHS = NO;
				ASSETCATALOG_COMPILER_GENERATE_SWIFT_ASSET_SYMBOL_EXTENSIONS = YES;
				CLANG_ANALYZER_NONNULL = YES;
				CLANG_ANALYZER_NUMBER_OBJECT_CONVERSION = YES_AGGRESSIVE;
				CLANG_CXX_LANGUAGE_STANDARD = "gnu++20";
				CLANG_ENABLE_MODULES = YES;
				CLANG_ENABLE_OBJC_ARC = YES;
				CLANG_ENABLE_OBJC_WEAK = YES;
				CLANG_WARN_BLOCK_CAPTURE_AUTORELEASING = YES;
				CLANG_WARN_BOOL_CONVERSION = YES;
				CLANG_WARN_COMMA = YES;
				CLANG_WARN_CONSTANT_CONVERSION = YES;
				CLANG_WARN_DEPRECATED_OBJC_IMPLEMENTATIONS = YES;
				CLANG_WARN_DIRECT_OBJC_ISA_USAGE = YES_ERROR;
				CLANG_WARN_DOCUMENTATION_COMMENTS = YES;
				CLANG_WARN_EMPTY_BODY = YES;
				CLANG_WARN_ENUM_CONVERSION = YES;
				CLANG_WARN_INFINITE_RECURSION = YES;
				CLANG_WARN_INT_CONVERSION = YES;
				CLANG_WARN_NON_LITERAL_NULL_CONVERSION = YES;
				CLANG_WARN_OBJC_IMPLICIT_RETAIN_SELF = YES;
				CLANG_WARN_OBJC_LITERAL_CONVERSION = YES;
				CLANG_WARN_OBJC_ROOT_CLASS = YES_ERROR;
				CLANG_WARN_QUOTED_INCLUDE_IN_FRAMEWORK_HEADER = YES;
				CLANG_WARN_RANGE_LOOP_ANALYSIS = YES;
				CLANG_WARN_STRICT_PROTOTYPES = YES;
				CLANG_WARN_SUSPICIOUS_MOVE = YES;
				CLANG_WARN_UNGUARDED_AVAILABILITY = YES_AGGRESSIVE;
				CLANG_WARN_UNREACHABLE_CODE = YES;
				CLANG_WARN__DUPLICATE_METHOD_MATCH = YES;
				COPY_PHASE_STRIP = NO;
				DEBUG_INFORMATION_FORMAT = dwarf;
				DEVELOPMENT_TEAM = 3YQGH94CK9;
				ENABLE_STRICT_OBJC_MSGSEND = YES;
				ENABLE_TESTABILITY = YES;
				ENABLE_USER_SCRIPT_SANDBOXING = YES;
				GCC_C_LANGUAGE_STANDARD = gnu17;
				GCC_DYNAMIC_NO_PIC = NO;
				GCC_NO_COMMON_BLOCKS = YES;
				GCC_OPTIMIZATION_LEVEL = 0;
				GCC_PREPROCESSOR_DEFINITIONS = (
					"DEBUG=1",
					"$(inherited)",
				);
				GCC_WARN_64_TO_32_BIT_CONVERSION = YES;
				GCC_WARN_ABOUT_RETURN_TYPE = YES_ERROR;
				GCC_WARN_UNDECLARED_SELECTOR = YES;
				GCC_WARN_UNINITIALIZED_AUTOS = YES_AGGRESSIVE;
				GCC_WARN_UNUSED_FUNCTION = YES;
				GCC_WARN_UNUSED_VARIABLE = YES;
				IPHONEOS_DEPLOYMENT_TARGET = 26.2;
				LOCALIZATION_PREFERS_STRING_CATALOGS = YES;
				MTL_ENABLE_DEBUG_INFO = INCLUDE_SOURCE;
				MTL_FAST_MATH = YES;
				ONLY_ACTIVE_ARCH = YES;
				SDKROOT = iphoneos;
				SWIFT_ACTIVE_COMPILATION_CONDITIONS = "DEBUG $(inherited)";
				SWIFT_OPTIMIZATION_LEVEL = "-Onone";
			};
			name = Debug;
		};
		D4F1BB682F3A5BA200A4E49C /* Release */ = {
			isa = XCBuildConfiguration;
			buildSettings = {
				ALWAYS_SEARCH_USER_PATHS = NO;
				ASSETCATALOG_COMPILER_GENERATE_SWIFT_ASSET_SYMBOL_EXTENSIONS = YES;
				CLANG_ANALYZER_NONNULL = YES;
				CLANG_ANALYZER_NUMBER_OBJECT_CONVERSION = YES_AGGRESSIVE;
				CLANG_CXX_LANGUAGE_STANDARD = "gnu++20";
				CLANG_ENABLE_MODULES = YES;
				CLANG_ENABLE_OBJC_ARC = YES;
				CLANG_ENABLE_OBJC_WEAK = YES;
				CLANG_WARN_BLOCK_CAPTURE_AUTORELEASING = YES;
				CLANG_WARN_BOOL_CONVERSION = YES;
				CLANG_WARN_COMMA = YES;
				CLANG_WARN_CONSTANT_CONVERSION = YES;
				CLANG_WARN_DEPRECATED_OBJC_IMPLEMENTATIONS = YES;
				CLANG_WARN_DIRECT_OBJC_ISA_USAGE = YES_ERROR;
				CLANG_WARN_DOCUMENTATION_COMMENTS = YES;
				CLANG_WARN_EMPTY_BODY = YES;
				CLANG_WARN_ENUM_CONVERSION = YES;
				CLANG_WARN_INFINITE_RECURSION = YES;
				CLANG_WARN_INT_CONVERSION = YES;
				CLANG_WARN_NON_LITERAL_NULL_CONVERSION = YES;
				CLANG_WARN_OBJC_IMPLICIT_RETAIN_SELF = YES;
				CLANG_WARN_OBJC_LITERAL_CONVERSION = YES;
				CLANG_WARN_OBJC_ROOT_CLASS = YES_ERROR;
				CLANG_WARN_QUOTED_INCLUDE_IN_FRAMEWORK_HEADER = YES;
				CLANG_WARN_RANGE_LOOP_ANALYSIS = YES;
				CLANG_WARN_STRICT_PROTOTYPES = YES;
				CLANG_WARN_SUSPICIOUS_MOVE = YES;
				CLANG_WARN_UNGUARDED_AVAILABILITY = YES_AGGRESSIVE;
				CLANG_WARN_UNREACHABLE_CODE = YES;
				CLANG_WARN__DUPLICATE_METHOD_MATCH = YES;
				COPY_PHASE_STRIP = NO;
				DEBUG_INFORMATION_FORMAT = "dwarf-with-dsym";
				DEVELOPMENT_TEAM = 3YQGH94CK9;
				ENABLE_NS_ASSERTIONS = NO;
				ENABLE_STRICT_OBJC_MSGSEND = YES;
				ENABLE_USER_SCRIPT_SANDBOXING = YES;
				GCC_C_LANGUAGE_STANDARD = gnu17;
				GCC_NO_COMMON_BLOCKS = YES;
				GCC_WARN_64_TO_32_BIT_CONVERSION = YES;
				GCC_WARN_ABOUT_RETURN_TYPE = YES_ERROR;
				GCC_WARN_UNDECLARED_SELECTOR = YES;
				GCC_WARN_UNINITIALIZED_AUTOS = YES_AGGRESSIVE;
				GCC_WARN_UNUSED_FUNCTION = YES;
				GCC_WARN_UNUSED_VARIABLE = YES;
				IPHONEOS_DEPLOYMENT_TARGET = 26.2;
				LOCALIZATION_PREFERS_STRING_CATALOGS = YES;
				MTL_ENABLE_DEBUG_INFO = NO;
				MTL_FAST_MATH = YES;
				SDKROOT = iphoneos;
				SWIFT_COMPILATION_MODE = wholemodule;
				VALIDATE_PRODUCT = YES;
			};
			name = Release;
		};
		D4F1BB6A2F3A5BA200A4E49C /* Debug */ = {
			isa = XCBuildConfiguration;
			buildSettings = {
				ASSETCATALOG_COMPILER_APPICON_NAME = AppIcon;
				ASSETCATALOG_COMPILER_GLOBAL_ACCENT_COLOR_NAME = AccentColor;
				CODE_SIGN_STYLE = Automatic;
				CURRENT_PROJECT_VERSION = 1;
				DEVELOPMENT_TEAM = 3YQGH94CK9;
				ENABLE_PREVIEWS = YES;
				GENERATE_INFOPLIST_FILE = YES;
				INFOPLIST_KEY_UIApplicationSceneManifest_Generation = YES;
				INFOPLIST_KEY_UIApplicationSupportsIndirectInputEvents = YES;
				INFOPLIST_KEY_UILaunchScreen_Generation = YES;
				INFOPLIST_KEY_UISupportedInterfaceOrientations_iPad = "UIInterfaceOrientationPortrait UIInterfaceOrientationPortraitUpsideDown UIInterfaceOrientationLandscapeLeft UIInterfaceOrientationLandscapeRight";
				INFOPLIST_KEY_UISupportedInterfaceOrientations_iPhone = "UIInterfaceOrientationPortrait UIInterfaceOrientationLandscapeLeft UIInterfaceOrientationLandscapeRight";
				LD_RUNPATH_SEARCH_PATHS = (
					"$(inherited)",
					"@executable_path/Frameworks",
				);
				MARKETING_VERSION = 1.0;
				PRODUCT_BUNDLE_IDENTIFIER = "com.akuhtarova.Greetings-from-Remy";
				PRODUCT_NAME = "$(TARGET_NAME)";
				STRING_CATALOG_GENERATE_SYMBOLS = YES;
				SWIFT_APPROACHABLE_CONCURRENCY = YES;
				SWIFT_DEFAULT_ACTOR_ISOLATION = MainActor;
				SWIFT_EMIT_LOC_STRINGS = YES;
				SWIFT_UPCOMING_FEATURE_MEMBER_IMPORT_VISIBILITY = YES;
				SWIFT_VERSION = 5.0;
				TARGETED_DEVICE_FAMILY = "1,2";
			};
			name = Debug;
		};
		D4F1BB6B2F3A5BA200A4E49C /* Release */ = {
			isa = XCBuildConfiguration;
			buildSettings = {
				ASSETCATALOG_COMPILER_APPICON_NAME = AppIcon;
				ASSETCATALOG_COMPILER_GLOBAL_ACCENT_COLOR_NAME = AccentColor;
				CODE_SIGN_STYLE = Automatic;
				CURRENT_PROJECT_VERSION = 1;
				DEVELOPMENT_TEAM = 3YQGH94CK9;
				ENABLE_PREVIEWS = YES;
				GENERATE_INFOPLIST_FILE = YES;
				INFOPLIST_KEY_UIApplicationSceneManifest_Generation = YES;
				INFOPLIST_KEY_UIApplicationSupportsIndirectInputEvents = YES;
				INFOPLIST_KEY_UILaunchScreen_Generation = YES;
				INFOPLIST_KEY_UISupportedInterfaceOrientations_iPad = "UIInterfaceOrientationPortrait UIInterfaceOrientationPortraitUpsideDown UIInterfaceOrientationLandscapeLeft UIInterfaceOrientationLandscapeRight";
				INFOPLIST_KEY_UISupportedInterfaceOrientations_iPhone = "UIInterfaceOrientationPortrait UIInterfaceOrientationLandscapeLeft UIInterfaceOrientationLandscapeRight";
				LD_RUNPATH_SEARCH_PATHS = (
					"$(inherited)",
					"@executable_path/Frameworks",
				);
				MARKETING_VERSION = 1.0;
				PRODUCT_BUNDLE_IDENTIFIER = "com.akuhtarova.Greetings-from-Remy";
				PRODUCT_NAME = "$(TARGET_NAME)";
				STRING_CATALOG_GENERATE_SYMBOLS = YES;
				SWIFT_APPROACHABLE_CONCURRENCY = YES;
				SWIFT_DEFAULT_ACTOR_ISOLATION = MainActor;
				SWIFT_EMIT_LOC_STRINGS = YES;
				SWIFT_UPCOMING_FEATURE_MEMBER_IMPORT_VISIBILITY = YES;
				SWIFT_VERSION = 5.0;
				TARGETED_DEVICE_FAMILY = "1,2";
			};
			name = Release;
		};
		D4F1BB6D2F3A5BA200A4E49C /* Debug */ = {
			isa = XCBuildConfiguration;
			buildSettings = {
				BUNDLE_LOADER = "$(TEST_HOST)";
				CODE_SIGN_STYLE = Automatic;
				CURRENT_PROJECT_VERSION = 1;
				DEVELOPMENT_TEAM = 3YQGH94CK9;
				GENERATE_INFOPLIST_FILE = YES;
				IPHONEOS_DEPLOYMENT_TARGET = 26.2;
				MARKETING_VERSION = 1.0;
				PRODUCT_BUNDLE_IDENTIFIER = "com.akuhtarova.Greetings-from-RemyTests";
				PRODUCT_NAME = "$(TARGET_NAME)";
				STRING_CATALOG_GENERATE_SYMBOLS = NO;
				SWIFT_APPROACHABLE_CONCURRENCY = YES;
				SWIFT_EMIT_LOC_STRINGS = NO;
				SWIFT_UPCOMING_FEATURE_MEMBER_IMPORT_VISIBILITY = YES;
				SWIFT_VERSION = 5.0;
				TARGETED_DEVICE_FAMILY = "1,2";
				TEST_HOST = "$(BUILT_PRODUCTS_DIR)/Greetings from Remy.app/$(BUNDLE_EXECUTABLE_FOLDER_PATH)/Greetings from Remy";
			};
			name = Debug;
		};
		D4F1BB6E2F3A5BA200A4E49C /* Release */ = {
			isa = XCBuildConfiguration;
			buildSettings = {
				BUNDLE_LOADER = "$(TEST_HOST)";
				CODE_SIGN_STYLE = Automatic;
				CURRENT_PROJECT_VERSION = 1;
				DEVELOPMENT_TEAM = 3YQGH94CK9;
				GENERATE_INFOPLIST_FILE = YES;
				IPHONEOS_DEPLOYMENT_TARGET = 26.2;
				MARKETING_VERSION = 1.0;
				PRODUCT_BUNDLE_IDENTIFIER = "com.akuhtarova.Greetings-from-RemyTests";
				PRODUCT_NAME = "$(TARGET_NAME)";
				STRING_CATALOG_GENERATE_SYMBOLS = NO;
				SWIFT_APPROACHABLE_CONCURRENCY = YES;
				SWIFT_EMIT_LOC_STRINGS = NO;
				SWIFT_UPCOMING_FEATURE_MEMBER_IMPORT_VISIBILITY = YES;
				SWIFT_VERSION = 5.0;
				TARGETED_DEVICE_FAMILY = "1,2";
				TEST_HOST = "$(BUILT_PRODUCTS_DIR)/Greetings from Remy.app/$(BUNDLE_EXECUTABLE_FOLDER_PATH)/Greetings from Remy";
			};
			name = Release;
		};
		D4F1BB702F3A5BA200A4E49C /* Debug */ = {
			isa = XCBuildConfiguration;
			buildSettings = {
				CODE_SIGN_STYLE = Automatic;
				CURRENT_PROJECT_VERSION = 1;
				DEVELOPMENT_TEAM = 3YQGH94CK9;
				GENERATE_INFOPLIST_FILE = YES;
				MARKETING_VERSION = 1.0;
				PRODUCT_BUNDLE_IDENTIFIER = "com.akuhtarova.Greetings-from-RemyUITests";
				PRODUCT_NAME = "$(TARGET_NAME)";
				STRING_CATALOG_GENERATE_SYMBOLS = NO;
				SWIFT_APPROACHABLE_CONCURRENCY = YES;
				SWIFT_EMIT_LOC_STRINGS = NO;
				SWIFT_UPCOMING_FEATURE_MEMBER_IMPORT_VISIBILITY = YES;
				SWIFT_VERSION = 5.0;
				TARGETED_DEVICE_FAMILY = "1,2";
				TEST_TARGET_NAME = "Greetings from Remy";
			};
			name = Debug;
		};
		D4F1BB712F3A5BA200A4E49C /* Release */ = {
			isa = XCBuildConfiguration;
			buildSettings = {
				CODE_SIGN_STYLE = Automatic;
				CURRENT_PROJECT_VERSION = 1;
				DEVELOPMENT_TEAM = 3YQGH94CK9;
				GENERATE_INFOPLIST_FILE = YES;
				MARKETING_VERSION = 1.0;
				PRODUCT_BUNDLE_IDENTIFIER = "com.akuhtarova.Greetings-from-RemyUITests";
				PRODUCT_NAME = "$(TARGET_NAME)";
				STRING_CATALOG_GENERATE_SYMBOLS = NO;
				SWIFT_APPROACHABLE_CONCURRENCY = YES;
				SWIFT_EMIT_LOC_STRINGS = NO;
				SWIFT_UPCOMING_FEATURE_MEMBER_IMPORT_VISIBILITY = YES;
				SWIFT_VERSION = 5.0;
				TARGETED_DEVICE_FAMILY = "1,2";
				TEST_TARGET_NAME = "Greetings from Remy";
			};
			name = Release;
		};
/* End XCBuildConfiguration section */

/* Begin XCConfigurationList section */
		D4F1BB432F3A5BA200A4E49C /* Build configuration list for PBXProject "Greetings from Remy" */ = {
			isa = XCConfigurationList;
			buildConfigurations = (
				D4F1BB672F3A5BA200A4E49C /* Debug */,
				D4F1BB682F3A5BA200A4E49C /* Release */,
			);
			defaultConfigurationIsVisible = 0;
			defaultConfigurationName = Release;
		};
		D4F1BB692F3A5BA200A4E49C /* Build configuration list for PBXNativeTarget "Greetings from Remy" */ = {
			isa = XCConfigurationList;
			buildConfigurations = (
				D4F1BB6A2F3A5BA200A4E49C /* Debug */,
				D4F1BB6B2F3A5BA200A4E49C /* Release */,
			);
			defaultConfigurationIsVisible = 0;
			defaultConfigurationName = Release;
		};
		D4F1BB6C2F3A5BA200A4E49C /* Build configuration list for PBXNativeTarget "Greetings from RemyTests" */ = {
			isa = XCConfigurationList;
			buildConfigurations = (
				D4F1BB6D2F3A5BA200A4E49C /* Debug */,
				D4F1BB6E2F3A5BA200A4E49C /* Release */,
			);
			defaultConfigurationIsVisible = 0;
			defaultConfigurationName = Release;
		};
		D4F1BB6F2F3A5BA200A4E49C /* Build configuration list for PBXNativeTarget "Greetings from RemyUITests" */ = {
			isa = XCConfigurationList;
			buildConfigurations = (
				D4F1BB702F3A5BA200A4E49C /* Debug */,
				D4F1BB712F3A5BA200A4E49C /* Release */,
			);
			defaultConfigurationIsVisible = 0;
			defaultConfigurationName = Release;
		};
/* End XCConfigurationList section */

/* Begin XCRemoteSwiftPackageReference section */
		D4A7BAD92F3BD0D700A6D7E9 /* XCRemoteSwiftPackageReference "swift-algorithms" */ = {
			isa = XCRemoteSwiftPackageReference;
			repositoryURL = "https://github.com/apple/swift-algorithms.git";
			requirement = {
				kind = upToNextMajorVersion;
				minimumVersion = 1.2.1;
			};
		};
/* End XCRemoteSwiftPackageReference section */
	};
	rootObject = D4F1BB402F3A5BA200A4E49C /* Project object */;
}
